
Microsoft Visual Studio Solution File, Format Version 12.00
# Visual Studio Version 16
VisualStudioVersion = 16.0.31911.196
MinimumVisualStudioVersion = 10.0.40219.1
Project("{FAE04EC0-301F-11D3-BF4B-00C04F79EFBC}") = "StudentAdmissionService", "StudentAdmissionService.csproj", "{7B9017A3-1153-43AE-9973-8DBA452821AB}"
EndProject
Project("{FAE04EC0-301F-11D3-BF4B-00C04F79EFBC}") = "StudentAttendanceService", "..\StudentAttendanceService\StudentAttendanceService.csproj", "{8BDCE59A-9665-4D5D-BD11-802FA0B1D296}"
EndProject
Project("{FAE04EC0-301F-11D3-BF4B-00C04F79EFBC}") = "SchoolAPI", "..\SchoolAPI\SchoolAPI.csproj", "{21D5F3FC-E272-470F-8339-C884FC732EE5}"
EndProject
Global
	GlobalSection(SolutionConfigurationPlatforms) = preSolution
		Debug|Any CPU = Debug|Any CPU
		Release|Any CPU = Release|Any CPU
	EndGlobalSection
	GlobalSection(ProjectConfigurationPlatforms) = postSolution
		{7B9017A3-1153-43AE-9973-8DBA452821AB}.Debug|Any CPU.ActiveCfg = Debug|Any CPU
		{7B9017A3-1153-43AE-9973-8DBA452821AB}.Debug|Any CPU.Build.0 = Debug|Any CPU
		{7B9017A3-1153-43AE-9973-8DBA452821AB}.Release|Any CPU.ActiveCfg = Release|Any CPU
		{7B9017A3-1153-43AE-9973-8DBA452821AB}.Release|Any CPU.Build.0 = Release|Any CPU
		{8BDCE59A-9665-4D5D-BD11-802FA0B1D296}.Debug|Any CPU.ActiveCfg = Debug|Any CPU
		{8BDCE59A-9665-4D5D-BD11-802FA0B1D296}.Debug|Any CPU.Build.0 = Debug|Any CPU
		{8BDCE59A-9665-4D5D-BD11-802FA0B1D296}.Release|Any CPU.ActiveCfg = Release|Any CPU
		{8BDCE59A-9665-4D5D-BD11-802FA0B1D296}.Release|Any CPU.Build.0 = Release|Any CPU
		{21D5F3FC-E272-470F-8339-C884FC732EE5}.Debug|Any CPU.ActiveCfg = Debug|Any CPU
		{21D5F3FC-E272-470F-8339-C884FC732EE5}.Debug|Any CPU.Build.0 = Debug|Any CPU
		{21D5F3FC-E272-470F-8339-C884FC732EE5}.Release|Any CPU.ActiveCfg = Release|Any CPU
		{21D5F3FC-E272-470F-8339-C884FC732EE5}.Release|Any CPU.Build.0 = Release|Any CPU
	EndGlobalSection
	GlobalSection(SolutionProperties) = preSolution
		HideSolutionNode = FALSE
	EndGlobalSection
	GlobalSection(ExtensibilityGlobals) = postSolution
		SolutionGuid = {DD7FFFF7-EC79-4CAF-BCA5-1B5035EA5687}
	EndGlobalSection
EndGlobal
